{
    "name": "pietr",
    "version": "0.1.0",
    "lockfileVersion": 2,
    "requires": true,
    "packages": {
        "": {
            "name": "pietr",
            "version": "0.1.0",
            "license": "MIT",
            "dependencies": {
                "cli-script-utils": "0.x.x"
            },
            "bin": {
                "pietr": "bin/pietr"
            },
            "devDependencies": {
                "@types/node": "^16.11.1"
            }
        },
        "node_modules/@types/node": {
            "version": "16.11.21",
            "resolved": "https://registry.npmjs.org/@types/node/-/node-16.11.21.tgz",
            "integrity": "sha512-Pf8M1XD9i1ksZEcCP8vuSNwooJ/bZapNmIzpmsMaL+jMI+8mEYU3PKvs+xDNuQcJWF/x24WzY4qxLtB0zNow9A==",
            "dev": true
        },
        "node_modules/cli-script-utils": {
            "version": "0.4.0",
            "integrity": "sha1-Hq11PaO5ISYf59JRiip61URhNYE="
        }
    },
    "dependencies": {
        "@types/node": {
            "version": "16.11.21",
            "resolved": "https://registry.npmjs.org/@types/node/-/node-16.11.21.tgz",
            "integrity": "sha512-Pf8M1XD9i1ksZEcCP8vuSNwooJ/bZapNmIzpmsMaL+jMI+8mEYU3PKvs+xDNuQcJWF/x24WzY4qxLtB0zNow9A==",
            "dev": true
        },
        "cli-script-utils": {
            "version": "0.4.0"
        }
    }
}
